
Microsoft Visual Studio Solution File, Format Version 12.00
# Visual Studio Version 16
VisualStudioVersion = 16.0.30907.101
MinimumVisualStudioVersion = 10.0.40219.1
Project("{FAE04EC0-301F-11D3-BF4B-00C04F79EFBC}") = "CaesarCipher_DG", "CaesarCipher_DG.csproj", "{A1E7AC49-BF6D-4390-AB81-82B3A95F60C9}"
EndProject
Project("{9A19103F-16F7-4668-BE54-9A1E7A4F7556}") = "CaesarCipher_DGTests", "CaesarCipher_DGTests\CaesarCipher_DGTests.csproj", "{41CAC64E-E0E5-4625-906A-4099CE03078D}"
EndProject
Global
	GlobalSection(SolutionConfigurationPlatforms) = preSolution
		Debug|Any CPU = Debug|Any CPU
		Release|Any CPU = Release|Any CPU
	EndGlobalSection
	GlobalSection(ProjectConfigurationPlatforms) = postSolution
		{A1E7AC49-BF6D-4390-AB81-82B3A95F60C9}.Debug|Any CPU.ActiveCfg = Debug|Any CPU
		{A1E7AC49-BF6D-4390-AB81-82B3A95F60C9}.Debug|Any CPU.Build.0 = Debug|Any CPU
		{A1E7AC49-BF6D-4390-AB81-82B3A95F60C9}.Release|Any CPU.ActiveCfg = Release|Any CPU
		{A1E7AC49-BF6D-4390-AB81-82B3A95F60C9}.Release|Any CPU.Build.0 = Release|Any CPU
		{41CAC64E-E0E5-4625-906A-4099CE03078D}.Debug|Any CPU.ActiveCfg = Debug|Any CPU
		{41CAC64E-E0E5-4625-906A-4099CE03078D}.Debug|Any CPU.Build.0 = Debug|Any CPU
		{41CAC64E-E0E5-4625-906A-4099CE03078D}.Release|Any CPU.ActiveCfg = Release|Any CPU
		{41CAC64E-E0E5-4625-906A-4099CE03078D}.Release|Any CPU.Build.0 = Release|Any CPU
	EndGlobalSection
	GlobalSection(SolutionProperties) = preSolution
		HideSolutionNode = FALSE
	EndGlobalSection
	GlobalSection(ExtensibilityGlobals) = postSolution
		SolutionGuid = {4FBFA317-41A2-4D28-B22C-B45898896488}
	EndGlobalSection
EndGlobal
